<?xml version="1.0" encoding="utf-8"?>
<Project ToolsVersion="4.0" xmlns="http://schemas.microsoft.com/developer/msbuild/2003">
  <ItemGroup>
    <Filter Include="Fichiers sources">
      <UniqueIdentifier>{4FC737F1-C7A5-4376-A066-2A32D752A2FF}</UniqueIdentifier>
      <Extensions>cpp;c;cc;cxx;def;odl;idl;hpj;bat;asm;asmx</Extensions>
    </Filter>
    <Filter Include="Fichiers d%27en-tête">
      <UniqueIdentifier>{93995380-89BD-4b04-88EB-625FBE52EBFB}</UniqueIdentifier>
      <Extensions>h;hh;hpp;hxx;hm;inl;inc;ipp;xsd</Extensions>
    </Filter>
    <Filter Include="Fichiers de ressources">
      <UniqueIdentifier>{67DA6AB6-F800-4c08-8B7A-83BB121AAD01}</UniqueIdentifier>
      <Extensions>rc;ico;cur;bmp;dlg;rc2;rct;bin;rgs;gif;jpg;jpeg;jpe;resx;tiff;tif;png;wav;mfcribbon-ms</Extensions>
    </Filter>
    <Filter Include="Fichiers sources\Window">
      <UniqueIdentifier>{4c86ff8a-fa9d-474b-82d4-a24469772b8e}</UniqueIdentifier>
    </Filter>
    <Filter Include="Fichiers sources\Managers">
      <UniqueIdentifier>{ee126c20-49de-4d55-848a-5345493b91a7}</UniqueIdentifier>
    </Filter>
    <Filter Include="Fichiers d%27en-tête\Managers">
      <UniqueIdentifier>{a49ce7f4-8c7d-4574-b8b1-836c498dc912}</UniqueIdentifier>
    </Filter>
    <Filter Include="Fichiers d%27en-tête\Window">
      <UniqueIdentifier>{1348b778-1742-4692-b517-d6d987565fd9}</UniqueIdentifier>
    </Filter>
    <Filter Include="Fichiers sources\Entities">
      <UniqueIdentifier>{5a2bbd90-8627-47de-b883-97edf597e461}</UniqueIdentifier>
    </Filter>
    <Filter Include="Fichiers d%27en-tête\Entities">
      <UniqueIdentifier>{7268df4a-c705-456f-ba6b-ae7647c4fb28}</UniqueIdentifier>
    </Filter>
    <Filter Include="Fichiers sources\Environment">
      <UniqueIdentifier>{3fbf0a78-5fdb-4b8a-acce-b24c54f884b7}</UniqueIdentifier>
    </Filter>
    <Filter Include="Fichiers d%27en-tête\Environment">
      <UniqueIdentifier>{e53d0f03-28d5-4e6c-a2e7-8be4dcce5ed2}</UniqueIdentifier>
    </Filter>
    <Filter Include="Fichiers d%27en-tête\Cours">
      <UniqueIdentifier>{208adb99-b03e-4042-874c-780ad3300010}</UniqueIdentifier>
    </Filter>
    <Filter Include="Fichiers sources\Cours">
      <UniqueIdentifier>{3293a634-56f2-4df8-9b4d-43547e47e44f}</UniqueIdentifier>
    </Filter>
    <Filter Include="Fichiers sources\Debug">
      <UniqueIdentifier>{0e6eb6e2-2604-487c-887d-a0d296b822b8}</UniqueIdentifier>
    </Filter>
    <Filter Include="Fichiers d%27en-tête\Debug">
      <UniqueIdentifier>{6b4e652e-4632-4ad7-8454-323174c58106}</UniqueIdentifier>
    </Filter>
  </ItemGroup>
  <ItemGroup>
    <ClInclude Include="GameWindow.h">
      <Filter>Fichiers d%27en-tête\Window</Filter>
    </ClInclude>
    <ClInclude Include="Entity.h">
      <Filter>Fichiers d%27en-tête\Entities</Filter>
    </ClInclude>
    <ClInclude Include="Player.h">
      <Filter>Fichiers d%27en-tête\Entities</Filter>
    </ClInclude>
    <ClInclude Include="Enemy.h">
      <Filter>Fichiers d%27en-tête\Entities</Filter>
    </ClInclude>
    <ClInclude Include="GameManager.h">
      <Filter>Fichiers d%27en-tête\Managers</Filter>
    </ClInclude>
    <ClInclude Include="Background.h">
      <Filter>Fichiers d%27en-tête\Environment</Filter>
    </ClInclude>
    <ClInclude Include="FormulaOne.h">
      <Filter>Fichiers d%27en-tête\Cours</Filter>
    </ClInclude>
    <ClInclude Include="MonsterTruck.h">
      <Filter>Fichiers d%27en-tête\Cours</Filter>
    </ClInclude>
    <ClInclude Include="Vehicule.h">
      <Filter>Fichiers d%27en-tête\Cours</Filter>
    </ClInclude>
    <ClInclude Include="pch.h">
      <Filter>Fichiers d%27en-tête\Window</Filter>
    </ClInclude>
    <ClInclude Include="Manager.h">
      <Filter>Fichiers d%27en-tête\Managers</Filter>
    </ClInclude>
    <ClInclude Include="InputManager.h">
      <Filter>Fichiers d%27en-tête\Managers</Filter>
    </ClInclude>
    <ClInclude Include="Projectile.h">
      <Filter>Fichiers d%27en-tête\Entities</Filter>
    </ClInclude>
    <ClInclude Include="DebugCustom.h">
      <Filter>Fichiers d%27en-tête\Debug</Filter>
    </ClInclude>
  </ItemGroup>
  <ItemGroup>
    <ClCompile Include="GameWindow.cpp">
      <Filter>Fichiers sources\Window</Filter>
    </ClCompile>
    <ClCompile Include="Entity.cpp">
      <Filter>Fichiers sources\Entities</Filter>
    </ClCompile>
    <ClCompile Include="Player.cpp">
      <Filter>Fichiers sources\Entities</Filter>
    </ClCompile>
    <ClCompile Include="Enemy.cpp">
      <Filter>Fichiers sources\Entities</Filter>
    </ClCompile>
    <ClCompile Include="GameManager.cpp">
      <Filter>Fichiers sources\Managers</Filter>
    </ClCompile>
    <ClCompile Include="Background.cpp">
      <Filter>Fichiers sources\Environment</Filter>
    </ClCompile>
    <ClCompile Include="FormulaOne.cpp">
      <Filter>Fichiers sources\Cours</Filter>
    </ClCompile>
    <ClCompile Include="MonsterTruck.cpp">
      <Filter>Fichiers sources\Cours</Filter>
    </ClCompile>
    <ClCompile Include="Vehicule.cpp">
      <Filter>Fichiers sources\Cours</Filter>
    </ClCompile>
    <ClCompile Include="pch.cpp">
      <Filter>Fichiers sources\Window</Filter>
    </ClCompile>
    <ClCompile Include="Manager.cpp">
      <Filter>Fichiers sources\Managers</Filter>
    </ClCompile>
    <ClCompile Include="InputManager.cpp">
      <Filter>Fichiers sources\Managers</Filter>
    </ClCompile>
    <ClCompile Include="Projectile.cpp">
      <Filter>Fichiers sources\Entities</Filter>
    </ClCompile>
    <ClCompile Include="main.cpp">
      <Filter>Fichiers sources</Filter>
    </ClCompile>
    <ClCompile Include="DebugCustom.cpp">
      <Filter>Fichiers sources\Debug</Filter>
    </ClCompile>
  </ItemGroup>
</Project>